github.com/freshman-tech/news-demo-starter-files v0.0.0-20201122184839-d1948711ac2a h1:8q0ymUUDab/feD3uPcNf3cIZiliRb1UN4oAgQhTVYHQ=
github.com/freshman-tech/news-demo-starter-files v0.0.0-20201122184839-d1948711ac2a/go.mod h1:/SbRFFvFYz+gVzbOz0VRc2wszfKoxmMVi5XkAAkM02E=
github.com/joho/godotenv v1.5.1 h1:7eLL/+HRGLY0ldzfGMeQkb7vMd0as4CfYvUVzLqw0N0=
github.com/joho/godotenv v1.5.1/go.mod h1:f4LDr5Voq0i2e/R5DDNOoa2zzDfwtkZa6DnEwAbqwq4=
